
Microsoft Visual Studio Solution File, Format Version 12.00
# Visual Studio Version 17
VisualStudioVersion = 17.7.34024.191
MinimumVisualStudioVersion = 10.0.40219.1
Project("{FAE04EC0-301F-11D3-BF4B-00C04F79EFBC}") = "Parcial1_Enunciado8B", "Parcial1_Enunciado8B.csproj", "{45A885A7-B11D-4416-9188-1654E2D5CD9B}"
EndProject
Global
	GlobalSection(SolutionConfigurationPlatforms) = preSolution
		Debug|Any CPU = Debug|Any CPU
		Release|Any CPU = Release|Any CPU
	EndGlobalSection
	GlobalSection(ProjectConfigurationPlatforms) = postSolution
		{45A885A7-B11D-4416-9188-1654E2D5CD9B}.Debug|Any CPU.ActiveCfg = Debug|Any CPU
		{45A885A7-B11D-4416-9188-1654E2D5CD9B}.Debug|Any CPU.Build.0 = Debug|Any CPU
		{45A885A7-B11D-4416-9188-1654E2D5CD9B}.Release|Any CPU.ActiveCfg = Release|Any CPU
		{45A885A7-B11D-4416-9188-1654E2D5CD9B}.Release|Any CPU.Build.0 = Release|Any CPU
	EndGlobalSection
	GlobalSection(SolutionProperties) = preSolution
		HideSolutionNode = FALSE
	EndGlobalSection
	GlobalSection(ExtensibilityGlobals) = postSolution
		SolutionGuid = {DAF9B4C3-B071-47E4-AF24-4567E62DB86A}
	EndGlobalSection
EndGlobal
